
Microsoft Visual Studio Solution File, Format Version 12.00
# Visual Studio Version 17
VisualStudioVersion = 17.2.32616.157
MinimumVisualStudioVersion = 10.0.40219.1
Project("{9A19103F-16F7-4668-BE54-9A1E7A4F7556}") = "IMS.WebApp", "IMS.WebApp\IMS.WebApp.csproj", "{82CDB653-6B49-40CF-B5BB-656CC3B2E20F}"
EndProject
Project("{9A19103F-16F7-4668-BE54-9A1E7A4F7556}") = "IMS.UseCases", "IMS.UseCases\IMS.UseCases.csproj", "{ED8BFE00-F1BF-4270-97D2-CCDFBBC6EC1A}"
EndProject
Project("{9A19103F-16F7-4668-BE54-9A1E7A4F7556}") = "IMS.CoreBusiness", "IMS.CoreBusiness\IMS.CoreBusiness.csproj", "{1F5D09C4-A9ED-407E-A30D-F2E4D8BCEA77}"
EndProject
Project("{9A19103F-16F7-4668-BE54-9A1E7A4F7556}") = "IMS.Plugins.InMemory", "IMS.Plugins.InMemory\IMS.Plugins.InMemory.csproj", "{06A13DFE-E8A7-4A20-ADD5-4022A6EB28B5}"
EndProject
Global
	GlobalSection(SolutionConfigurationPlatforms) = preSolution
		Debug|Any CPU = Debug|Any CPU
		Release|Any CPU = Release|Any CPU
	EndGlobalSection
	GlobalSection(ProjectConfigurationPlatforms) = postSolution
		{82CDB653-6B49-40CF-B5BB-656CC3B2E20F}.Debug|Any CPU.ActiveCfg = Debug|Any CPU
		{82CDB653-6B49-40CF-B5BB-656CC3B2E20F}.Debug|Any CPU.Build.0 = Debug|Any CPU
		{82CDB653-6B49-40CF-B5BB-656CC3B2E20F}.Release|Any CPU.ActiveCfg = Release|Any CPU
		{82CDB653-6B49-40CF-B5BB-656CC3B2E20F}.Release|Any CPU.Build.0 = Release|Any CPU
		{ED8BFE00-F1BF-4270-97D2-CCDFBBC6EC1A}.Debug|Any CPU.ActiveCfg = Debug|Any CPU
		{ED8BFE00-F1BF-4270-97D2-CCDFBBC6EC1A}.Debug|Any CPU.Build.0 = Debug|Any CPU
		{ED8BFE00-F1BF-4270-97D2-CCDFBBC6EC1A}.Release|Any CPU.ActiveCfg = Release|Any CPU
		{ED8BFE00-F1BF-4270-97D2-CCDFBBC6EC1A}.Release|Any CPU.Build.0 = Release|Any CPU
		{1F5D09C4-A9ED-407E-A30D-F2E4D8BCEA77}.Debug|Any CPU.ActiveCfg = Debug|Any CPU
		{1F5D09C4-A9ED-407E-A30D-F2E4D8BCEA77}.Debug|Any CPU.Build.0 = Debug|Any CPU
		{1F5D09C4-A9ED-407E-A30D-F2E4D8BCEA77}.Release|Any CPU.ActiveCfg = Release|Any CPU
		{1F5D09C4-A9ED-407E-A30D-F2E4D8BCEA77}.Release|Any CPU.Build.0 = Release|Any CPU
		{06A13DFE-E8A7-4A20-ADD5-4022A6EB28B5}.Debug|Any CPU.ActiveCfg = Debug|Any CPU
		{06A13DFE-E8A7-4A20-ADD5-4022A6EB28B5}.Debug|Any CPU.Build.0 = Debug|Any CPU
		{06A13DFE-E8A7-4A20-ADD5-4022A6EB28B5}.Release|Any CPU.ActiveCfg = Release|Any CPU
		{06A13DFE-E8A7-4A20-ADD5-4022A6EB28B5}.Release|Any CPU.Build.0 = Release|Any CPU
	EndGlobalSection
	GlobalSection(SolutionProperties) = preSolution
		HideSolutionNode = FALSE
	EndGlobalSection
	GlobalSection(ExtensibilityGlobals) = postSolution
		SolutionGuid = {B8B9F4DB-CCEB-4426-A114-C23D285F7EBF}
	EndGlobalSection
EndGlobal
